# THIS IS AN AUTOGENERATED FILE. DO NOT EDIT THIS FILE DIRECTLY.
# yarn lockfile v1


"@types/lodash@^4.14.132":
  version "4.14.135"
  resolved "https://registry.yarnpkg.com/@types/lodash/-/lodash-4.14.135.tgz#d2607c35dd68f70c2b35ba020c667493dedd8447"
  integrity sha512-Ed+tSZ9qM1oYpi5kzdsBuOzcAIn1wDW+e8TFJ50IMJMlSopGdJgKAbhHzN6h1E1OfjlGOr2JepzEWtg9NIfoNg==

"@types/node@^12.0.2":
  version "12.0.10"
  resolved "https://registry.yarnpkg.com/@types/node/-/node-12.0.10.tgz#51babf9c7deadd5343620055fc8aff7995c8b031"
  integrity sha512-LcsGbPomWsad6wmMNv7nBLw7YYYyfdYcz6xryKYQhx89c3XXan+8Q6AJ43G5XDIaklaVkK3mE4fCb0SBvMiPSQ==

fast-csv@^3.0.1:
  version "3.0.1"
  resolved "https://registry.yarnpkg.com/fast-csv/-/fast-csv-3.0.1.tgz#d20e0d7e8f2626bc89f7057e4841c4f4b44d3054"
  integrity sha512-V7ZJAqrPd/fdhXp4H2PPU/USGIB2A8nq8eezW/zWHIXnh3FL3Y/LROEFJFtHVFSQvfPPqEDFPKU7s1ZM6Zd+qQ==
  dependencies:
    "@types/lodash" "^4.14.132"
    "@types/node" "^12.0.2"
    lodash "^4.17.11"

lodash@^4.17.11:
  version "4.17.11"
  resolved "https://registry.yarnpkg.com/lodash/-/lodash-4.17.11.tgz#b39ea6229ef607ecd89e2c8df12536891cac9b8d"
  integrity sha512-cQKh8igo5QUhZ7lg38DYWAxMvjSAKG0A8wGSVimP07SIUEK2UO+arSRKbRZWtelMtN5V0Hkwh5ryOto/SshYIg==
